<?xml version="1.0" encoding="utf-8"?>
<Project ToolsVersion="4.0" xmlns="http://schemas.microsoft.com/developer/msbuild/2003">
  <ItemGroup>
    <Filter Include="Source Files">
      <UniqueIdentifier>{4FC737F1-C7A5-4376-A066-2A32D752A2FF}</UniqueIdentifier>
      <Extensions>cpp;c;cc;cxx;def;odl;idl;hpj;bat;asm;asmx</Extensions>
    </Filter>
    <Filter Include="Header Files">
      <UniqueIdentifier>{93995380-89BD-4b04-88EB-625FBE52EBFB}</UniqueIdentifier>
      <Extensions>h;hh;hpp;hxx;hm;inl;inc;xsd</Extensions>
    </Filter>
    <Filter Include="Resource Files">
      <UniqueIdentifier>{67DA6AB6-F800-4c08-8B7A-83BB121AAD01}</UniqueIdentifier>
      <Extensions>rc;ico;cur;bmp;dlg;rc2;rct;bin;rgs;gif;jpg;jpeg;jpe;resx;tiff;tif;png;wav;mfcribbon-ms</Extensions>
    </Filter>
  </ItemGroup>
  <ItemGroup>
    <Text Include="ReadMe.txt" />
  </ItemGroup>
  <ItemGroup>
    <ClInclude Include="stdafx.h">
      <Filter>Header Files</Filter>
    </ClInclude>
    <ClInclude Include="targetver.h">
      <Filter>Header Files</Filter>
    </ClInclude>
    <ClInclude Include="Resource.h">
      <Filter>Header Files</Filter>
    </ClInclude>
    <ClInclude Include="Assegni.h">
      <Filter>Header Files</Filter>
    </ClInclude>
    <ClInclude Include="assegno.h">
      <Filter>Header Files</Filter>
    </ClInclude>
    <ClInclude Include="azdao.h">
      <Filter>Header Files</Filter>
    </ClInclude>
    <ClInclude Include="azienda.h">
      <Filter>Header Files</Filter>
    </ClInclude>
    <ClInclude Include="contocorrente.h">
      <Filter>Header Files</Filter>
    </ClInclude>
    <ClInclude Include="datetime.h">
      <Filter>Header Files</Filter>
    </ClInclude>
    <ClInclude Include="dbconn.h">
      <Filter>Header Files</Filter>
    </ClInclude>
    <ClInclude Include="dlgassegni.h">
      <Filter>Header Files</Filter>
    </ClInclude>
    <ClInclude Include="dlgdettassegno.h">
      <Filter>Header Files</Filter>
    </ClInclude>
    <ClInclude Include="cmbazienda.h">
      <Filter>Header Files</Filter>
    </ClInclude>
    <ClInclude Include="cmbconti.h">
      <Filter>Header Files</Filter>
    </ClInclude>
    <ClInclude Include="ccdao.h">
      <Filter>Header Files</Filter>
    </ClInclude>
    <ClInclude Include="notfoundex.h">
      <Filter>Header Files</Filter>
    </ClInclude>
    <ClInclude Include="libretto.h">
      <Filter>Header Files</Filter>
    </ClInclude>
    <ClInclude Include="libdao.h">
      <Filter>Header Files</Filter>
    </ClInclude>
    <ClInclude Include="cmblibretti.h">
      <Filter>Header Files</Filter>
    </ClInclude>
    <ClInclude Include="assdao.h">
      <Filter>Header Files</Filter>
    </ClInclude>
    <ClInclude Include="cmbassegni.h">
      <Filter>Header Files</Filter>
    </ClInclude>
    <ClInclude Include="dlglibretto.h">
      <Filter>Header Files</Filter>
    </ClInclude>
    <ClInclude Include="utils.h">
      <Filter>Header Files</Filter>
    </ClInclude>
    <ClInclude Include="dlgemessi.h">
      <Filter>Header Files</Filter>
    </ClInclude>
    <ClInclude Include="services.h">
      <Filter>Header Files</Filter>
    </ClInclude>
    <ClInclude Include="cmbmesi.h">
      <Filter>Header Files</Filter>
    </ClInclude>
    <ClInclude Include="cmbanni.h">
      <Filter>Header Files</Filter>
    </ClInclude>
    <ClInclude Include="dlgsettings.h">
      <Filter>Header Files</Filter>
    </ClInclude>
    <ClInclude Include="settings.h">
      <Filter>Header Files</Filter>
    </ClInclude>
    <ClInclude Include="ipaddress.h">
      <Filter>Header Files</Filter>
    </ClInclude>
    <ClInclude Include="wc_to_mb.h">
      <Filter>Header Files</Filter>
    </ClInclude>
    <ClInclude Include="dlgconto.h">
      <Filter>Header Files</Filter>
    </ClInclude>
    <ClInclude Include="log.h">
      <Filter>Header Files</Filter>
    </ClInclude>
    <ClInclude Include="CShell32.h">
      <Filter>Header Files</Filter>
    </ClInclude>
    <ClInclude Include="CDBRecord.h">
      <Filter>Header Files</Filter>
    </ClInclude>
    <ClInclude Include="dlgaziende.h">
      <Filter>Header Files</Filter>
    </ClInclude>
    <ClInclude Include="lvassegni.h">
      <Filter>Header Files</Filter>
    </ClInclude>
    <ClInclude Include="dlgFornitori.h">
      <Filter>Header Files</Filter>
    </ClInclude>
    <ClInclude Include="fornitore.h">
      <Filter>Header Files</Filter>
    </ClInclude>
    <ClInclude Include="forndao.h">
      <Filter>Header Files</Filter>
    </ClInclude>
    <ClInclude Include="dlgForn.h">
      <Filter>Header Files</Filter>
    </ClInclude>
    <ClInclude Include="cmbfornitore.h">
      <Filter>Header Files</Filter>
    </ClInclude>
  </ItemGroup>
  <ItemGroup>
    <ClCompile Include="stdafx.cpp">
      <Filter>Source Files</Filter>
    </ClCompile>
    <ClCompile Include="assegno.cpp">
      <Filter>Source Files</Filter>
    </ClCompile>
    <ClCompile Include="azdao.cpp">
      <Filter>Source Files</Filter>
    </ClCompile>
    <ClCompile Include="azienda.cpp">
      <Filter>Source Files</Filter>
    </ClCompile>
    <ClCompile Include="contocorrente.cpp">
      <Filter>Source Files</Filter>
    </ClCompile>
    <ClCompile Include="datetime.cpp">
      <Filter>Source Files</Filter>
    </ClCompile>
    <ClCompile Include="dbconn.cpp">
      <Filter>Source Files</Filter>
    </ClCompile>
    <ClCompile Include="main.cpp">
      <Filter>Source Files</Filter>
    </ClCompile>
    <ClCompile Include="dlgassegni.cpp">
      <Filter>Source Files</Filter>
    </ClCompile>
    <ClCompile Include="dlgdettassegno.cpp">
      <Filter>Source Files</Filter>
    </ClCompile>
    <ClCompile Include="cmbazienda.cpp">
      <Filter>Source Files</Filter>
    </ClCompile>
    <ClCompile Include="cmbconti.cpp">
      <Filter>Source Files</Filter>
    </ClCompile>
    <ClCompile Include="ccdao.cpp">
      <Filter>Source Files</Filter>
    </ClCompile>
    <ClCompile Include="libretto.cpp">
      <Filter>Source Files</Filter>
    </ClCompile>
    <ClCompile Include="libdao.cpp">
      <Filter>Source Files</Filter>
    </ClCompile>
    <ClCompile Include="cmblibretti.cpp">
      <Filter>Source Files</Filter>
    </ClCompile>
    <ClCompile Include="assdao.cpp">
      <Filter>Source Files</Filter>
    </ClCompile>
    <ClCompile Include="cmbassegni.cpp">
      <Filter>Source Files</Filter>
    </ClCompile>
    <ClCompile Include="dlglibretto.cpp">
      <Filter>Source Files</Filter>
    </ClCompile>
    <ClCompile Include="utils.cpp">
      <Filter>Source Files</Filter>
    </ClCompile>
    <ClCompile Include="dlgemessi.cpp">
      <Filter>Source Files</Filter>
    </ClCompile>
    <ClCompile Include="services.cpp">
      <Filter>Source Files</Filter>
    </ClCompile>
    <ClCompile Include="cmbmesi.cpp">
      <Filter>Source Files</Filter>
    </ClCompile>
    <ClCompile Include="cmbanni.cpp">
      <Filter>Source Files</Filter>
    </ClCompile>
    <ClCompile Include="dlgsettings.cpp">
      <Filter>Source Files</Filter>
    </ClCompile>
    <ClCompile Include="settings.cpp">
      <Filter>Source Files</Filter>
    </ClCompile>
    <ClCompile Include="ipaddress.cpp">
      <Filter>Source Files</Filter>
    </ClCompile>
    <ClCompile Include="wc_to_mb.cpp">
      <Filter>Source Files</Filter>
    </ClCompile>
    <ClCompile Include="dlgconto.cpp">
      <Filter>Source Files</Filter>
    </ClCompile>
    <ClCompile Include="log.cpp">
      <Filter>Source Files</Filter>
    </ClCompile>
    <ClCompile Include="CShell32.cpp">
      <Filter>Source Files</Filter>
    </ClCompile>
    <ClCompile Include="CDBRecord.cpp">
      <Filter>Source Files</Filter>
    </ClCompile>
    <ClCompile Include="dlgaziende.cpp">
      <Filter>Source Files</Filter>
    </ClCompile>
    <ClCompile Include="lvassegni.cpp">
      <Filter>Source Files</Filter>
    </ClCompile>
    <ClCompile Include="fornitore.cpp">
      <Filter>Source Files</Filter>
    </ClCompile>
    <ClCompile Include="forndao.cpp">
      <Filter>Source Files</Filter>
    </ClCompile>
    <ClCompile Include="dlgFornitori.cpp">
      <Filter>Source Files</Filter>
    </ClCompile>
    <ClCompile Include="dlgForn.cpp">
      <Filter>Source Files</Filter>
    </ClCompile>
    <ClCompile Include="cmbfornitore.cpp">
      <Filter>Source Files</Filter>
    </ClCompile>
  </ItemGroup>
  <ItemGroup>
    <ResourceCompile Include="Assegni.rc">
      <Filter>Resource Files</Filter>
    </ResourceCompile>
  </ItemGroup>
  <ItemGroup>
    <Image Include="res\bank-01-green.ico">
      <Filter>Resource Files</Filter>
    </Image>
    <Image Include="res\assegno-rosa.ico">
      <Filter>Resource Files</Filter>
    </Image>
    <Image Include="res\bank.ico">
      <Filter>Resource Files</Filter>
    </Image>
    <Image Include="res\booklet.ico">
      <Filter>Resource Files</Filter>
    </Image>
    <Image Include="res\find.ico">
      <Filter>Resource Files</Filter>
    </Image>
    <Image Include="res\lock.ico">
      <Filter>Resource Files</Filter>
    </Image>
    <Image Include="res\unlock.ico">
      <Filter>Resource Files</Filter>
    </Image>
    <Image Include="res\pen.ico">
      <Filter>Resource Files</Filter>
    </Image>
    <Image Include="res\tick.ico">
      <Filter>Resource Files</Filter>
    </Image>
    <Image Include="res\trash.ico">
      <Filter>Resource Files</Filter>
    </Image>
    <Image Include="res\cancel.ico">
      <Filter>Resource Files</Filter>
    </Image>
    <Image Include="res\new.ico">
      <Filter>Resource Files</Filter>
    </Image>
    <Image Include="res\disk.ico">
      <Filter>Resource Files</Filter>
    </Image>
    <Image Include="res\azi.ico">
      <Filter>Resource Files</Filter>
    </Image>
  </ItemGroup>
  <ItemGroup>
    <Manifest Include="Win32++.manifest">
      <Filter>Resource Files</Filter>
    </Manifest>
  </ItemGroup>
</Project>